
Microsoft Visual Studio Solution File, Format Version 12.00
# Visual Studio Version 17
VisualStudioVersion = 17.1.32421.90
MinimumVisualStudioVersion = 10.0.40219.1
Project("{FAE04EC0-301F-11D3-BF4B-00C04F79EFBC}") = "BinarySearchTreeCreation", "BinarySearchTreeCreation.csproj", "{A0724259-10CC-42A3-94D0-E27BCF539F71}"
EndProject
Global
	GlobalSection(SolutionConfigurationPlatforms) = preSolution
		Debug|Any CPU = Debug|Any CPU
		Release|Any CPU = Release|Any CPU
	EndGlobalSection
	GlobalSection(ProjectConfigurationPlatforms) = postSolution
		{A0724259-10CC-42A3-94D0-E27BCF539F71}.Debug|Any CPU.ActiveCfg = Debug|Any CPU
		{A0724259-10CC-42A3-94D0-E27BCF539F71}.Debug|Any CPU.Build.0 = Debug|Any CPU
		{A0724259-10CC-42A3-94D0-E27BCF539F71}.Release|Any CPU.ActiveCfg = Release|Any CPU
		{A0724259-10CC-42A3-94D0-E27BCF539F71}.Release|Any CPU.Build.0 = Release|Any CPU
	EndGlobalSection
	GlobalSection(SolutionProperties) = preSolution
		HideSolutionNode = FALSE
	EndGlobalSection
	GlobalSection(ExtensibilityGlobals) = postSolution
		SolutionGuid = {587E45B8-C60D-4A5E-8094-EC5709B9DCDF}
	EndGlobalSection
EndGlobal
